
Microsoft Visual Studio Solution File, Format Version 12.00
# Visual Studio Version 16
VisualStudioVersion = 16.0.31402.337
MinimumVisualStudioVersion = 10.0.40219.1
Project("{9A19103F-16F7-4668-BE54-9A1E7A4F7556}") = "Works.Ui.Shared.Images", "Works.Ui.Shared.Images.csproj", "{9443E6B7-90D7-4268-ABB8-54DE8E151008}"
EndProject
Global
	GlobalSection(SolutionConfigurationPlatforms) = preSolution
		Debug|Any CPU = Debug|Any CPU
		Release|Any CPU = Release|Any CPU
	EndGlobalSection
	GlobalSection(ProjectConfigurationPlatforms) = postSolution
		{9443E6B7-90D7-4268-ABB8-54DE8E151008}.Debug|Any CPU.ActiveCfg = Debug|Any CPU
		{9443E6B7-90D7-4268-ABB8-54DE8E151008}.Debug|Any CPU.Build.0 = Debug|Any CPU
		{9443E6B7-90D7-4268-ABB8-54DE8E151008}.Release|Any CPU.ActiveCfg = Release|Any CPU
		{9443E6B7-90D7-4268-ABB8-54DE8E151008}.Release|Any CPU.Build.0 = Release|Any CPU
	EndGlobalSection
	GlobalSection(SolutionProperties) = preSolution
		HideSolutionNode = FALSE
	EndGlobalSection
	GlobalSection(ExtensibilityGlobals) = postSolution
		SolutionGuid = {629D01E9-82AC-43BB-B42D-6D957DC63DEE}
	EndGlobalSection
EndGlobal
